
Microsoft Visual Studio Solution File, Format Version 12.00
# Visual Studio Version 18
VisualStudioVersion = 18.1.11312.151 d18.0
MinimumVisualStudioVersion = 10.0.40219.1
Project("{2150E333-8FDC-42A3-9474-1A3956D46DE8}") = "src", "src", "{E9BDF28A-0447-4D8F-9022-18F826ECAE9C}"
EndProject
Project("{2150E333-8FDC-42A3-9474-1A3956D46DE8}") = "docs", "docs", "{089537D9-946D-4774-980F-8FC1551426E6}"
	ProjectSection(SolutionItems) = preProject
		Readme.md = Readme.md
	EndProjectSection
EndProject
Project("{2150E333-8FDC-42A3-9474-1A3956D46DE8}") = "Core", "Core", "{E461F7FB-EA6A-42EA-880D-45236DAB4EE1}"
EndProject
Project("{2150E333-8FDC-42A3-9474-1A3956D46DE8}") = "Services", "Services", "{85F7E2EC-AEA0-4C12-89CC-5111F1A32234}"
EndProject
Project("{FAE04EC0-301F-11D3-BF4B-00C04F79EFBC}") = "PostIQ.Core", "PostIQ\src\Core\PostIQ.Core\PostIQ.Core.csproj", "{7C8C84A0-6865-4785-9822-9AC7F2886109}"
EndProject
Project("{2150E333-8FDC-42A3-9474-1A3956D46DE8}") = "Home", "Home", "{DA63AAC1-42C3-4E7B-8CC7-550337703E84}"
EndProject
Project("{2150E333-8FDC-42A3-9474-1A3956D46DE8}") = "User", "User", "{56A825DB-D23E-437E-970C-3E0C776FB22D}"
EndProject
Project("{FAE04EC0-301F-11D3-BF4B-00C04F79EFBC}") = "User.Core", "PostIQ\src\Services\User\User.Core\User.Core.csproj", "{E24918DD-99EA-4F3B-AA5F-27EF7174A7D1}"
EndProject
Project("{FAE04EC0-301F-11D3-BF4B-00C04F79EFBC}") = "User.Application", "PostIQ\src\Services\User\User.Application\User.Application.csproj", "{A0A63EFE-B6B4-424E-BB39-14C45822F971}"
EndProject
Project("{FAE04EC0-301F-11D3-BF4B-00C04F79EFBC}") = "User.Infrastructure", "PostIQ\src\Services\User\User.Infrastructure\User.Infrastructure.csproj", "{57E3CD91-4EB8-487E-B2B6-AB976BF3D285}"
EndProject
Project("{FAE04EC0-301F-11D3-BF4B-00C04F79EFBC}") = "User.API", "PostIQ\src\Services\User\User.API\User.API.csproj", "{0684B30E-454D-4548-BFE9-13EA233E7062}"
EndProject
Project("{FAE04EC0-301F-11D3-BF4B-00C04F79EFBC}") = "Home.Core", "PostIQ\src\Services\Home\Home.Core\Home.Core.csproj", "{6C4CB3FE-9A0B-4BAE-B046-FE497DAB4E67}"
EndProject
Project("{FAE04EC0-301F-11D3-BF4B-00C04F79EFBC}") = "Home.Application", "PostIQ\src\Services\Home\Home.Application\Home.Application.csproj", "{5DDB1F82-2085-4F41-B530-FBBABEEC5C28}"
EndProject
Project("{FAE04EC0-301F-11D3-BF4B-00C04F79EFBC}") = "Home.Infrastructure", "PostIQ\src\Services\Home\Home.Infrastructure\Home.Infrastructure.csproj", "{2F005B0B-5121-421B-95F2-047AB57EA6E5}"
EndProject
Project("{FAE04EC0-301F-11D3-BF4B-00C04F79EFBC}") = "Home.API", "PostIQ\src\Services\Home\Home.API\Home.API.csproj", "{8B9B21A4-1EE5-4DDD-9B2A-B42C7AC97328}"
EndProject
Project("{2150E333-8FDC-42A3-9474-1A3956D46DE8}") = "Database", "Database", "{64C4C862-5898-4B77-8DBF-4D6A26D1F158}"
EndProject
Project("{00D1A9C2-B5F0-4AF3-8072-F6C62B433612}") = "Database", "PostIQ\src\Database\Database\Database.sqlproj", "{59521B09-B5C8-483A-B9C0-9CB3E686E1DE}"
EndProject
Global
	GlobalSection(SolutionConfigurationPlatforms) = preSolution
		Debug|Any CPU = Debug|Any CPU
		Release|Any CPU = Release|Any CPU
	EndGlobalSection
	GlobalSection(ProjectConfigurationPlatforms) = postSolution
		{7C8C84A0-6865-4785-9822-9AC7F2886109}.Debug|Any CPU.ActiveCfg = Debug|Any CPU
		{7C8C84A0-6865-4785-9822-9AC7F2886109}.Debug|Any CPU.Build.0 = Debug|Any CPU
		{7C8C84A0-6865-4785-9822-9AC7F2886109}.Release|Any CPU.ActiveCfg = Release|Any CPU
		{7C8C84A0-6865-4785-9822-9AC7F2886109}.Release|Any CPU.Build.0 = Release|Any CPU
		{E24918DD-99EA-4F3B-AA5F-27EF7174A7D1}.Debug|Any CPU.ActiveCfg = Debug|Any CPU
		{E24918DD-99EA-4F3B-AA5F-27EF7174A7D1}.Debug|Any CPU.Build.0 = Debug|Any CPU
		{E24918DD-99EA-4F3B-AA5F-27EF7174A7D1}.Release|Any CPU.ActiveCfg = Release|Any CPU
		{E24918DD-99EA-4F3B-AA5F-27EF7174A7D1}.Release|Any CPU.Build.0 = Release|Any CPU
		{A0A63EFE-B6B4-424E-BB39-14C45822F971}.Debug|Any CPU.ActiveCfg = Debug|Any CPU
		{A0A63EFE-B6B4-424E-BB39-14C45822F971}.Debug|Any CPU.Build.0 = Debug|Any CPU
		{A0A63EFE-B6B4-424E-BB39-14C45822F971}.Release|Any CPU.ActiveCfg = Release|Any CPU
		{A0A63EFE-B6B4-424E-BB39-14C45822F971}.Release|Any CPU.Build.0 = Release|Any CPU
		{57E3CD91-4EB8-487E-B2B6-AB976BF3D285}.Debug|Any CPU.ActiveCfg = Debug|Any CPU
		{57E3CD91-4EB8-487E-B2B6-AB976BF3D285}.Debug|Any CPU.Build.0 = Debug|Any CPU
		{57E3CD91-4EB8-487E-B2B6-AB976BF3D285}.Release|Any CPU.ActiveCfg = Release|Any CPU
		{57E3CD91-4EB8-487E-B2B6-AB976BF3D285}.Release|Any CPU.Build.0 = Release|Any CPU
		{0684B30E-454D-4548-BFE9-13EA233E7062}.Debug|Any CPU.ActiveCfg = Debug|Any CPU
		{0684B30E-454D-4548-BFE9-13EA233E7062}.Debug|Any CPU.Build.0 = Debug|Any CPU
		{0684B30E-454D-4548-BFE9-13EA233E7062}.Release|Any CPU.ActiveCfg = Release|Any CPU
		{0684B30E-454D-4548-BFE9-13EA233E7062}.Release|Any CPU.Build.0 = Release|Any CPU
		{6C4CB3FE-9A0B-4BAE-B046-FE497DAB4E67}.Debug|Any CPU.ActiveCfg = Debug|Any CPU
		{6C4CB3FE-9A0B-4BAE-B046-FE497DAB4E67}.Debug|Any CPU.Build.0 = Debug|Any CPU
		{6C4CB3FE-9A0B-4BAE-B046-FE497DAB4E67}.Release|Any CPU.ActiveCfg = Release|Any CPU
		{6C4CB3FE-9A0B-4BAE-B046-FE497DAB4E67}.Release|Any CPU.Build.0 = Release|Any CPU
		{5DDB1F82-2085-4F41-B530-FBBABEEC5C28}.Debug|Any CPU.ActiveCfg = Debug|Any CPU
		{5DDB1F82-2085-4F41-B530-FBBABEEC5C28}.Debug|Any CPU.Build.0 = Debug|Any CPU
		{5DDB1F82-2085-4F41-B530-FBBABEEC5C28}.Release|Any CPU.ActiveCfg = Release|Any CPU
		{5DDB1F82-2085-4F41-B530-FBBABEEC5C28}.Release|Any CPU.Build.0 = Release|Any CPU
		{2F005B0B-5121-421B-95F2-047AB57EA6E5}.Debug|Any CPU.ActiveCfg = Debug|Any CPU
		{2F005B0B-5121-421B-95F2-047AB57EA6E5}.Debug|Any CPU.Build.0 = Debug|Any CPU
		{2F005B0B-5121-421B-95F2-047AB57EA6E5}.Release|Any CPU.ActiveCfg = Release|Any CPU
		{2F005B0B-5121-421B-95F2-047AB57EA6E5}.Release|Any CPU.Build.0 = Release|Any CPU
		{8B9B21A4-1EE5-4DDD-9B2A-B42C7AC97328}.Debug|Any CPU.ActiveCfg = Debug|Any CPU
		{8B9B21A4-1EE5-4DDD-9B2A-B42C7AC97328}.Debug|Any CPU.Build.0 = Debug|Any CPU
		{8B9B21A4-1EE5-4DDD-9B2A-B42C7AC97328}.Release|Any CPU.ActiveCfg = Release|Any CPU
		{8B9B21A4-1EE5-4DDD-9B2A-B42C7AC97328}.Release|Any CPU.Build.0 = Release|Any CPU
		{59521B09-B5C8-483A-B9C0-9CB3E686E1DE}.Debug|Any CPU.ActiveCfg = Debug|Any CPU
		{59521B09-B5C8-483A-B9C0-9CB3E686E1DE}.Debug|Any CPU.Build.0 = Debug|Any CPU
		{59521B09-B5C8-483A-B9C0-9CB3E686E1DE}.Debug|Any CPU.Deploy.0 = Debug|Any CPU
		{59521B09-B5C8-483A-B9C0-9CB3E686E1DE}.Release|Any CPU.ActiveCfg = Release|Any CPU
		{59521B09-B5C8-483A-B9C0-9CB3E686E1DE}.Release|Any CPU.Build.0 = Release|Any CPU
		{59521B09-B5C8-483A-B9C0-9CB3E686E1DE}.Release|Any CPU.Deploy.0 = Release|Any CPU
	EndGlobalSection
	GlobalSection(SolutionProperties) = preSolution
		HideSolutionNode = FALSE
	EndGlobalSection
	GlobalSection(NestedProjects) = preSolution
		{E461F7FB-EA6A-42EA-880D-45236DAB4EE1} = {E9BDF28A-0447-4D8F-9022-18F826ECAE9C}
		{85F7E2EC-AEA0-4C12-89CC-5111F1A32234} = {E9BDF28A-0447-4D8F-9022-18F826ECAE9C}
		{7C8C84A0-6865-4785-9822-9AC7F2886109} = {E461F7FB-EA6A-42EA-880D-45236DAB4EE1}
		{DA63AAC1-42C3-4E7B-8CC7-550337703E84} = {85F7E2EC-AEA0-4C12-89CC-5111F1A32234}
		{56A825DB-D23E-437E-970C-3E0C776FB22D} = {85F7E2EC-AEA0-4C12-89CC-5111F1A32234}
		{E24918DD-99EA-4F3B-AA5F-27EF7174A7D1} = {56A825DB-D23E-437E-970C-3E0C776FB22D}
		{A0A63EFE-B6B4-424E-BB39-14C45822F971} = {56A825DB-D23E-437E-970C-3E0C776FB22D}
		{57E3CD91-4EB8-487E-B2B6-AB976BF3D285} = {56A825DB-D23E-437E-970C-3E0C776FB22D}
		{0684B30E-454D-4548-BFE9-13EA233E7062} = {56A825DB-D23E-437E-970C-3E0C776FB22D}
		{6C4CB3FE-9A0B-4BAE-B046-FE497DAB4E67} = {DA63AAC1-42C3-4E7B-8CC7-550337703E84}
		{5DDB1F82-2085-4F41-B530-FBBABEEC5C28} = {DA63AAC1-42C3-4E7B-8CC7-550337703E84}
		{2F005B0B-5121-421B-95F2-047AB57EA6E5} = {DA63AAC1-42C3-4E7B-8CC7-550337703E84}
		{8B9B21A4-1EE5-4DDD-9B2A-B42C7AC97328} = {DA63AAC1-42C3-4E7B-8CC7-550337703E84}
		{64C4C862-5898-4B77-8DBF-4D6A26D1F158} = {E9BDF28A-0447-4D8F-9022-18F826ECAE9C}
		{59521B09-B5C8-483A-B9C0-9CB3E686E1DE} = {64C4C862-5898-4B77-8DBF-4D6A26D1F158}
	EndGlobalSection
	GlobalSection(ExtensibilityGlobals) = postSolution
		SolutionGuid = {C1BC4215-B27C-4E03-B72B-D244E7067FF6}
	EndGlobalSection
EndGlobal
